<?xml version="1.0" encoding="utf-8"?>
<Project ToolsVersion="4.0" xmlns="http://schemas.microsoft.com/developer/msbuild/2003">
  <ItemGroup>
    <ClCompile Include="$(MSBuildThisFileDirectory)..\..\lib\native\src\gmock\gmock-all.cc">
      <Filter>default</Filter>
    </ClCompile>
    <ClCompile Include="$(MSBuildThisFileDirectory)..\..\lib\native\src\gtest\gtest-all.cc">
      <Filter>default</Filter>
    </ClCompile>
    <ClCompile Include="tests.cppm" />
    <ClCompile Include="TypesTest.cpp" />
    <ClCompile Include="UtilsTest.cppm" />
    <ClCompile Include="LoggerTest.cpp" />
    <ClCompile Include="ExtractorTest.cpp" />
    <ClCompile Include="ConverterTest.cpp" />
    <ClCompile Include="Importer\FS\BaseTest.cpp">
      <Filter>Importer\FS</Filter>
    </ClCompile>
    <ClCompile Include="Reader\BaseTest.cpp">
      <Filter>Reader</Filter>
    </ClCompile>
    <ClCompile Include="i3dShapesTest.cpp">
      <Filter>Importer\FS</Filter>
    </ClCompile>
    <ClCompile Include="i3dTest.cpp">
      <Filter>Importer\FS</Filter>
    </ClCompile>
    <ClCompile Include="ModDescTest.cpp">
      <Filter>Importer\FS</Filter>
    </ClCompile>
    <ClCompile Include="Reader\i3dCipherTest.cpp">
      <Filter>Reader</Filter>
    </ClCompile>
    <ClCompile Include="Reader\EndianTest.cpp">
      <Filter>Reader</Filter>
    </ClCompile>
    <ClCompile Include="main.cppm" />
  </ItemGroup>
  <ItemGroup>
    <Filter Include="default">
      <UniqueIdentifier>{a940f806-a68e-4bd4-a5fb-e9572dd39d22}</UniqueIdentifier>
    </Filter>
    <Filter Include="Importer">
      <UniqueIdentifier>{bbd3a742-6a91-4197-aefd-3ca7225c4b01}</UniqueIdentifier>
    </Filter>
    <Filter Include="Importer\FS">
      <UniqueIdentifier>{2a5a1794-8673-4bc9-aa4f-fd63ab48b622}</UniqueIdentifier>
    </Filter>
    <Filter Include="Reader">
      <UniqueIdentifier>{61043815-d862-453e-a0b7-a1f2545c3ae6}</UniqueIdentifier>
    </Filter>
  </ItemGroup>
  <ItemGroup>
    <None Include="packages.config">
      <Filter>default</Filter>
    </None>
  </ItemGroup>
</Project>