<?xml version="1.0" encoding="utf-8"?>
<Project ToolsVersion="4.0" xmlns="http://schemas.microsoft.com/developer/msbuild/2003">
  <ItemGroup>
    <Filter Include="Source Files">
      <UniqueIdentifier>{4FC737F1-C7A5-4376-A066-2A32D752A2FF}</UniqueIdentifier>
      <Extensions>cpp;c;cc;cxx;c++;cppm;ixx;def;odl;idl;hpj;bat;asm;asmx</Extensions>
    </Filter>
    <Filter Include="Source Files\Lorem">
      <UniqueIdentifier>{0b3edb01-5ab2-4486-b862-95921afc4f40}</UniqueIdentifier>
    </Filter>
    <Filter Include="Source Files\Lorem\Scene">
      <UniqueIdentifier>{8ea9e78c-798a-4510-932c-5690357e5a39}</UniqueIdentifier>
    </Filter>
    <Filter Include="Source Files\Lorem\Importer">
      <UniqueIdentifier>{4e4aa1dd-7890-4fbf-8f56-f71cbd17073e}</UniqueIdentifier>
    </Filter>
    <Filter Include="Source Files\Lorem\Importer\FS">
      <UniqueIdentifier>{bc9a1b34-23c4-40a2-bf01-79012c774340}</UniqueIdentifier>
    </Filter>
    <Filter Include="Source Files\Lorem\Reader">
      <UniqueIdentifier>{3a539f23-76dd-4fc9-a1b3-dfd1ef3b3134}</UniqueIdentifier>
    </Filter>
  </ItemGroup>
  <ItemGroup>
    <ClCompile Include="Lorem\src\Lorem\types.cppm">
      <Filter>Source Files</Filter>
    </ClCompile>
    <ClCompile Include="Lorem\src\Lorem\logger.cppm">
      <Filter>Source Files</Filter>
    </ClCompile>
    <ClCompile Include="Lorem\src\std.ixx">
      <Filter>Source Files</Filter>
    </ClCompile>
    <ClCompile Include="Lorem\src\Lorem\Utils.cppm">
      <Filter>Source Files</Filter>
    </ClCompile>
    <ClCompile Include="Lorem\src\Lorem\xml.cppm">
      <Filter>Source Files</Filter>
    </ClCompile>
    <ClCompile Include="Lorem\src\Lorem\error.cppm">
      <Filter>Source Files</Filter>
    </ClCompile>
    <ClCompile Include="Lorem\src\Lorem\Scene.cppm">
      <Filter>Source Files</Filter>
    </ClCompile>
    <ClCompile Include="Lorem\src\Lorem\Base.cppm">
      <Filter>Source Files</Filter>
    </ClCompile>
    <ClCompile Include="Lorem\src\Lorem\Reader.cppm">
      <Filter>Source Files</Filter>
    </ClCompile>
    <ClCompile Include="Lorem\src\Lorem\Converter.cppm">
      <Filter>Source Files</Filter>
    </ClCompile>
    <ClCompile Include="Lorem\src\Lorem\Extractor.cppm">
      <Filter>Source Files</Filter>
    </ClCompile>
    <ClCompile Include="Lorem\src\Lorem\Scene\Base.cppm">
      <Filter>Source Files\Lorem\Scene</Filter>
    </ClCompile>
    <ClCompile Include="Lorem\src\Lorem\Reader\Base.cppm">
      <Filter>Source Files\Lorem\Reader</Filter>
    </ClCompile>
    <ClCompile Include="Lorem\src\Lorem\Importer\FS\Base.cppm">
      <Filter>Source Files\Lorem\Importer\FS</Filter>
    </ClCompile>
    <ClCompile Include="Lorem\src\Lorem\Importer\FS\i3d.cppm">
      <Filter>Source Files\Lorem\Importer\FS</Filter>
    </ClCompile>
    <ClCompile Include="Lorem\src\Lorem\Importer\FS\i3d.shapes.cppm">
      <Filter>Source Files\Lorem\Importer\FS</Filter>
    </ClCompile>
    <ClCompile Include="Lorem\src\Lorem\Importer\FS\ModDesc.cppm">
      <Filter>Source Files\Lorem\Importer\FS</Filter>
    </ClCompile>
    <ClCompile Include="Lorem\src\Lorem\Scene\Material.cppm">
      <Filter>Source Files\Lorem\Scene</Filter>
    </ClCompile>
    <ClCompile Include="Lorem\src\Lorem\Scene\Sound.cppm">
      <Filter>Source Files\Lorem\Scene</Filter>
    </ClCompile>
    <ClCompile Include="Lorem\src\Lorem\Scene\Shape.cppm">
      <Filter>Source Files\Lorem\Scene</Filter>
    </ClCompile>
  </ItemGroup>
</Project>