<?xml version="1.0" encoding="utf-8"?>
<Project ToolsVersion="4.0" xmlns="http://schemas.microsoft.com/developer/msbuild/2003">
  <ItemGroup>
    <Filter Include="Source Files">
      <UniqueIdentifier>{4FC737F1-C7A5-4376-A066-2A32D752A2FF}</UniqueIdentifier>
      <Extensions>cpp;c;cc;cxx;c++;cppm;ixx;def;odl;idl;hpj;bat;asm;asmx</Extensions>
    </Filter>
    <Filter Include="Header Files">
      <UniqueIdentifier>{93995380-89BD-4b04-88EB-625FBE52EBFB}</UniqueIdentifier>
      <Extensions>h;hh;hpp;hxx;h++;hm;inl;inc;ipp;xsd</Extensions>
    </Filter>
    <Filter Include="Header Files\default">
      <UniqueIdentifier>{1df659a9-b291-4c1d-a491-01dc5f60057e}</UniqueIdentifier>
    </Filter>
    <Filter Include="Header Files\Lorem">
      <UniqueIdentifier>{3c854276-1646-443f-bc91-851f81508772}</UniqueIdentifier>
    </Filter>
    <Filter Include="Source Files\Lorem">
      <UniqueIdentifier>{0b3edb01-5ab2-4486-b862-95921afc4f40}</UniqueIdentifier>
    </Filter>
  </ItemGroup>
  <ItemGroup>
    <ClInclude Include="Lorem\src\pch.h">
      <Filter>Header Files\default</Filter>
    </ClInclude>
    <ClInclude Include="Lorem\src\framework.h">
      <Filter>Header Files\default</Filter>
    </ClInclude>
    <ClInclude Include="Lorem\src\Lorem\Converter.h">
      <Filter>Header Files\Lorem</Filter>
    </ClInclude>
    <ClInclude Include="Lorem\src\Lorem\Error.h">
      <Filter>Header Files\Lorem</Filter>
    </ClInclude>
    <ClInclude Include="Lorem\src\Lorem\IError.h">
      <Filter>Header Files\Lorem</Filter>
    </ClInclude>
    <ClInclude Include="Lorem\src\Lorem\Importer.h">
      <Filter>Header Files\Lorem</Filter>
    </ClInclude>
    <ClInclude Include="Lorem\src\Lorem\Logger.h">
      <Filter>Header Files\Lorem</Filter>
    </ClInclude>
    <ClInclude Include="Lorem\src\Lorem\Types.h">
      <Filter>Header Files\Lorem</Filter>
    </ClInclude>
    <ClInclude Include="Lorem\src\Lorem\Extractor.h">
      <Filter>Header Files\Lorem</Filter>
    </ClInclude>
  </ItemGroup>
  <ItemGroup>
    <ClCompile Include="Lorem\src\Lorem\Converter.cpp">
      <Filter>Source Files\Lorem</Filter>
    </ClCompile>
    <ClCompile Include="Lorem\src\Lorem\Importer.cpp">
      <Filter>Source Files\Lorem</Filter>
    </ClCompile>
    <ClCompile Include="Lorem\src\pch.cpp">
      <Filter>Source Files\Lorem</Filter>
    </ClCompile>
    <ClCompile Include="Lorem\src\Lorem\Extractor.cpp">
      <Filter>Source Files\Lorem</Filter>
    </ClCompile>
  </ItemGroup>
</Project>